
Microsoft Visual Studio Solution File, Format Version 12.00
# Visual Studio 15
Project("{FAE04EC0-301F-11D3-BF4B-00C04F79EFBC}") = "Oculus.Platform", "Oculus.Platform.csproj", "{96C191B5-BB21-7E1E-9D3C-DE33398F6797}"
EndProject
Project("{FAE04EC0-301F-11D3-BF4B-00C04F79EFBC}") = "Assembly-CSharp", "Assembly-CSharp.csproj", "{FAB74A36-B079-6047-017B-304D51A6190F}"
EndProject
Project("{FAE04EC0-301F-11D3-BF4B-00C04F79EFBC}") = "Oculus.VR", "Oculus.VR.csproj", "{A461EC09-CDF8-61D6-4AAE-789066E2256C}"
EndProject
Project("{FAE04EC0-301F-11D3-BF4B-00C04F79EFBC}") = "Oculus.Platform.Editor", "Oculus.Platform.Editor.csproj", "{C95A0DB2-2A95-02E8-1AF7-AF7B908AAA5E}"
EndProject
Project("{FAE04EC0-301F-11D3-BF4B-00C04F79EFBC}") = "Assembly-CSharp-Editor", "Assembly-CSharp-Editor.csproj", "{5EB55DF6-03E8-2A35-6D34-1059C96AAF4E}"
EndProject
Project("{FAE04EC0-301F-11D3-BF4B-00C04F79EFBC}") = "Oculus.VR.Editor", "Oculus.VR.Editor.csproj", "{6D291840-6910-6143-5A71-FB9780353EC6}"
EndProject
Project("{FAE04EC0-301F-11D3-BF4B-00C04F79EFBC}") = "Oculus.VR.Scripts.Editor", "Oculus.VR.Scripts.Editor.csproj", "{485E5AF5-6680-8839-8F79-BA37065B54B2}"
EndProject
Global
	GlobalSection(SolutionConfigurationPlatforms) = preSolution
		Debug|Any CPU = Debug|Any CPU
		Release|Any CPU = Release|Any CPU
	EndGlobalSection
	GlobalSection(ProjectConfigurationPlatforms) = postSolution
		{96C191B5-BB21-7E1E-9D3C-DE33398F6797}.Debug|Any CPU.ActiveCfg = Debug|Any CPU
		{96C191B5-BB21-7E1E-9D3C-DE33398F6797}.Debug|Any CPU.Build.0 = Debug|Any CPU
		{96C191B5-BB21-7E1E-9D3C-DE33398F6797}.Release|Any CPU.ActiveCfg = Release|Any CPU
		{96C191B5-BB21-7E1E-9D3C-DE33398F6797}.Release|Any CPU.Build.0 = Release|Any CPU
		{FAB74A36-B079-6047-017B-304D51A6190F}.Debug|Any CPU.ActiveCfg = Debug|Any CPU
		{FAB74A36-B079-6047-017B-304D51A6190F}.Debug|Any CPU.Build.0 = Debug|Any CPU
		{FAB74A36-B079-6047-017B-304D51A6190F}.Release|Any CPU.ActiveCfg = Release|Any CPU
		{FAB74A36-B079-6047-017B-304D51A6190F}.Release|Any CPU.Build.0 = Release|Any CPU
		{A461EC09-CDF8-61D6-4AAE-789066E2256C}.Debug|Any CPU.ActiveCfg = Debug|Any CPU
		{A461EC09-CDF8-61D6-4AAE-789066E2256C}.Debug|Any CPU.Build.0 = Debug|Any CPU
		{A461EC09-CDF8-61D6-4AAE-789066E2256C}.Release|Any CPU.ActiveCfg = Release|Any CPU
		{A461EC09-CDF8-61D6-4AAE-789066E2256C}.Release|Any CPU.Build.0 = Release|Any CPU
		{C95A0DB2-2A95-02E8-1AF7-AF7B908AAA5E}.Debug|Any CPU.ActiveCfg = Debug|Any CPU
		{C95A0DB2-2A95-02E8-1AF7-AF7B908AAA5E}.Debug|Any CPU.Build.0 = Debug|Any CPU
		{C95A0DB2-2A95-02E8-1AF7-AF7B908AAA5E}.Release|Any CPU.ActiveCfg = Release|Any CPU
		{C95A0DB2-2A95-02E8-1AF7-AF7B908AAA5E}.Release|Any CPU.Build.0 = Release|Any CPU
		{5EB55DF6-03E8-2A35-6D34-1059C96AAF4E}.Debug|Any CPU.ActiveCfg = Debug|Any CPU
		{5EB55DF6-03E8-2A35-6D34-1059C96AAF4E}.Debug|Any CPU.Build.0 = Debug|Any CPU
		{5EB55DF6-03E8-2A35-6D34-1059C96AAF4E}.Release|Any CPU.ActiveCfg = Release|Any CPU
		{5EB55DF6-03E8-2A35-6D34-1059C96AAF4E}.Release|Any CPU.Build.0 = Release|Any CPU
		{6D291840-6910-6143-5A71-FB9780353EC6}.Debug|Any CPU.ActiveCfg = Debug|Any CPU
		{6D291840-6910-6143-5A71-FB9780353EC6}.Debug|Any CPU.Build.0 = Debug|Any CPU
		{6D291840-6910-6143-5A71-FB9780353EC6}.Release|Any CPU.ActiveCfg = Release|Any CPU
		{6D291840-6910-6143-5A71-FB9780353EC6}.Release|Any CPU.Build.0 = Release|Any CPU
		{485E5AF5-6680-8839-8F79-BA37065B54B2}.Debug|Any CPU.ActiveCfg = Debug|Any CPU
		{485E5AF5-6680-8839-8F79-BA37065B54B2}.Debug|Any CPU.Build.0 = Debug|Any CPU
		{485E5AF5-6680-8839-8F79-BA37065B54B2}.Release|Any CPU.ActiveCfg = Release|Any CPU
		{485E5AF5-6680-8839-8F79-BA37065B54B2}.Release|Any CPU.Build.0 = Release|Any CPU
	EndGlobalSection
	GlobalSection(SolutionProperties) = preSolution
		HideSolutionNode = FALSE
	EndGlobalSection
EndGlobal
